<?xml version="1.0" encoding="utf-8"?>
<Project ToolsVersion="4.0" xmlns="http://schemas.microsoft.com/developer/msbuild/2003">
  <ItemGroup>
    <Filter Include="Source Files">
      <UniqueIdentifier>{4FC737F1-C7A5-4376-A066-2A32D752A2FF}</UniqueIdentifier>
      <Extensions>qml;cpp;c;cc;cxx;def;odl;idl;hpj;bat;asm;asmx</Extensions>
    </Filter>
    <Filter Include="Header Files">
      <UniqueIdentifier>{93995380-89BD-4b04-88EB-625FBE52EBFB}</UniqueIdentifier>
      <Extensions>h;hh;hpp;hxx;hm;inl;inc;xsd</Extensions>
    </Filter>
    <Filter Include="Resource Files">
      <UniqueIdentifier>{67DA6AB6-F800-4c08-8B7A-83BB121AAD01}</UniqueIdentifier>
      <Extensions>qrc;rc;ico;cur;bmp;dlg;rc2;rct;bin;rgs;gif;jpg;jpeg;jpe;resx;tiff;tif;png;wav;mfcribbon-ms</Extensions>
    </Filter>
    <Filter Include="Form Files">
      <UniqueIdentifier>{99349809-55BA-4b9d-BF79-8FDBB0286EB3}</UniqueIdentifier>
      <Extensions>ui</Extensions>
    </Filter>
    <Filter Include="Translation Files">
      <UniqueIdentifier>{639EADAA-A684-42e4-A9AD-28FC9BCB8F7C}</UniqueIdentifier>
      <Extensions>ts</Extensions>
    </Filter>
    <Filter Include="Source Files\Section">
      <UniqueIdentifier>{169297bb-eb38-4923-a02d-3e2c50e3987a}</UniqueIdentifier>
    </Filter>
    <Filter Include="Header Files\Section">
      <UniqueIdentifier>{15f6d74e-6c59-43a9-b1a9-82b9ec4e84d9}</UniqueIdentifier>
    </Filter>
  </ItemGroup>
  <ItemGroup>
    <QtRcc Include="TestApp.qrc">
      <Filter>Resource Files</Filter>
    </QtRcc>
    <QtUic Include="TestApp.ui">
      <Filter>Form Files</Filter>
    </QtUic>
    <QtMoc Include="TestApp.h">
      <Filter>Header Files</Filter>
    </QtMoc>
    <ClCompile Include="TestApp.cpp">
      <Filter>Source Files</Filter>
    </ClCompile>
  </ItemGroup>
  <ItemGroup>
    <ClCompile Include="main.cpp">
      <Filter>Source Files</Filter>
    </ClCompile>
    <ClCompile Include="Task.cpp">
      <Filter>Source Files</Filter>
    </ClCompile>
    <ClCompile Include="TaskView.cpp">
      <Filter>Source Files</Filter>
    </ClCompile>
    <ClCompile Include="Section\Section.cpp">
      <Filter>Source Files\Section</Filter>
    </ClCompile>
  </ItemGroup>
  <ItemGroup>
    <QtMoc Include="TaskView.h">
      <Filter>Header Files</Filter>
    </QtMoc>
    <QtMoc Include="Task.h">
      <Filter>Header Files</Filter>
    </QtMoc>
    <QtMoc Include="Section\Section.h">
      <Filter>Header Files\Section</Filter>
    </QtMoc>
  </ItemGroup>
  <ItemGroup>
    <QtUic Include="TaskView.ui">
      <Filter>Form Files</Filter>
    </QtUic>
    <QtUic Include="Filter.ui">
      <Filter>Form Files</Filter>
    </QtUic>
  </ItemGroup>
</Project>